
Microsoft Visual Studio Solution File, Format Version 12.00
# Visual Studio 2013
VisualStudioVersion = 12.0.31101.0
MinimumVisualStudioVersion = 10.0.40219.1
Project("{FAE04EC0-301F-11D3-BF4B-00C04F79EFBC}") = "Coticula2", "Coticula2\Coticula2.csproj", "{F206D895-EBD8-4136-B454-5D2E6F142830}"
EndProject
Project("{FAE04EC0-301F-11D3-BF4B-00C04F79EFBC}") = "Coticula2.Test", "Coticula2.Test\Coticula2.Test.csproj", "{C7924FD6-56C3-464C-A398-4C3FBF75D4BD}"
EndProject
Project("{FAE04EC0-301F-11D3-BF4B-00C04F79EFBC}") = "Coticula2Face", "Coticula2Face\Coticula2Face.csproj", "{6483CA00-007F-43DE-9C46-168A34BC8143}"
EndProject
Project("{FAE04EC0-301F-11D3-BF4B-00C04F79EFBC}") = "Coticula2Face.Tests", "Coticula2Face.Tests\Coticula2Face.Tests.csproj", "{84F0ADCA-D07C-43F0-B2A7-1D019521E881}"
EndProject
Project("{FAE04EC0-301F-11D3-BF4B-00C04F79EFBC}") = "Coticula2.Connector", "Coticula2.Connector\Coticula2.Connector.csproj", "{57C886F5-CE11-4263-AD4A-22200406F4E5}"
EndProject
Project("{FAE04EC0-301F-11D3-BF4B-00C04F79EFBC}") = "Coticula2.Connector.Tests", "Coticula2.Connector.Tests\Coticula2.Connector.Tests.csproj", "{0CC2911E-B0A0-4D74-8613-EBBC01B508EE}"
EndProject
Global
	GlobalSection(SolutionConfigurationPlatforms) = preSolution
		Debug|Any CPU = Debug|Any CPU
		Release|Any CPU = Release|Any CPU
	EndGlobalSection
	GlobalSection(ProjectConfigurationPlatforms) = postSolution
		{F206D895-EBD8-4136-B454-5D2E6F142830}.Debug|Any CPU.ActiveCfg = Debug|Any CPU
		{F206D895-EBD8-4136-B454-5D2E6F142830}.Debug|Any CPU.Build.0 = Debug|Any CPU
		{F206D895-EBD8-4136-B454-5D2E6F142830}.Release|Any CPU.ActiveCfg = Release|Any CPU
		{F206D895-EBD8-4136-B454-5D2E6F142830}.Release|Any CPU.Build.0 = Release|Any CPU
		{C7924FD6-56C3-464C-A398-4C3FBF75D4BD}.Debug|Any CPU.ActiveCfg = Debug|Any CPU
		{C7924FD6-56C3-464C-A398-4C3FBF75D4BD}.Debug|Any CPU.Build.0 = Debug|Any CPU
		{C7924FD6-56C3-464C-A398-4C3FBF75D4BD}.Release|Any CPU.ActiveCfg = Release|Any CPU
		{C7924FD6-56C3-464C-A398-4C3FBF75D4BD}.Release|Any CPU.Build.0 = Release|Any CPU
		{6483CA00-007F-43DE-9C46-168A34BC8143}.Debug|Any CPU.ActiveCfg = Debug|Any CPU
		{6483CA00-007F-43DE-9C46-168A34BC8143}.Debug|Any CPU.Build.0 = Debug|Any CPU
		{6483CA00-007F-43DE-9C46-168A34BC8143}.Release|Any CPU.ActiveCfg = Release|Any CPU
		{6483CA00-007F-43DE-9C46-168A34BC8143}.Release|Any CPU.Build.0 = Release|Any CPU
		{84F0ADCA-D07C-43F0-B2A7-1D019521E881}.Debug|Any CPU.ActiveCfg = Debug|Any CPU
		{84F0ADCA-D07C-43F0-B2A7-1D019521E881}.Debug|Any CPU.Build.0 = Debug|Any CPU
		{84F0ADCA-D07C-43F0-B2A7-1D019521E881}.Release|Any CPU.ActiveCfg = Release|Any CPU
		{84F0ADCA-D07C-43F0-B2A7-1D019521E881}.Release|Any CPU.Build.0 = Release|Any CPU
		{57C886F5-CE11-4263-AD4A-22200406F4E5}.Debug|Any CPU.ActiveCfg = Debug|Any CPU
		{57C886F5-CE11-4263-AD4A-22200406F4E5}.Debug|Any CPU.Build.0 = Debug|Any CPU
		{57C886F5-CE11-4263-AD4A-22200406F4E5}.Release|Any CPU.ActiveCfg = Release|Any CPU
		{57C886F5-CE11-4263-AD4A-22200406F4E5}.Release|Any CPU.Build.0 = Release|Any CPU
		{0CC2911E-B0A0-4D74-8613-EBBC01B508EE}.Debug|Any CPU.ActiveCfg = Debug|Any CPU
		{0CC2911E-B0A0-4D74-8613-EBBC01B508EE}.Debug|Any CPU.Build.0 = Debug|Any CPU
		{0CC2911E-B0A0-4D74-8613-EBBC01B508EE}.Release|Any CPU.ActiveCfg = Release|Any CPU
		{0CC2911E-B0A0-4D74-8613-EBBC01B508EE}.Release|Any CPU.Build.0 = Release|Any CPU
	EndGlobalSection
	GlobalSection(SolutionProperties) = preSolution
		HideSolutionNode = FALSE
	EndGlobalSection
EndGlobal
